Microsoft Visual Studio Solution File, Format Version 12.00
# Visual Studio Version 17
VisualStudioVersion = 17.5.2.0
MinimumVisualStudioVersion = 10.0.40219.1
Project("{FAE04EC0-301F-11D3-BF4B-00C04F79EFBC}") = "Desafio.Api", "Desafio.Api.csproj", "{3A5835E5-71A3-4DBE-D11D-CB77224204C6}"
EndProject
Global
	GlobalSection(SolutionConfigurationPlatforms) = preSolution
		Debug|Any CPU = Debug|Any CPU
		Release|Any CPU = Release|Any CPU
	EndGlobalSection
	GlobalSection(ProjectConfigurationPlatforms) = postSolution
		{3A5835E5-71A3-4DBE-D11D-CB77224204C6}.Debug|Any CPU.ActiveCfg = Debug|Any CPU
		{3A5835E5-71A3-4DBE-D11D-CB77224204C6}.Debug|Any CPU.Build.0 = Debug|Any CPU
		{3A5835E5-71A3-4DBE-D11D-CB77224204C6}.Release|Any CPU.ActiveCfg = Release|Any CPU
		{3A5835E5-71A3-4DBE-D11D-CB77224204C6}.Release|Any CPU.Build.0 = Release|Any CPU
	EndGlobalSection
	GlobalSection(SolutionProperties) = preSolution
		HideSolutionNode = FALSE
	EndGlobalSection
	GlobalSection(ExtensibilityGlobals) = postSolution
		SolutionGuid = {08918459-0A7E-4571-B9E6-6E3701580A17}
	EndGlobalSection
EndGlobal
